// !$*UTF8*$!
{
	archiveVersion = 1;
	classes = {
	};
	objectVersion = 50;
	objects = {

/* Begin PBXBuildFile section */
		4A6739FE25E0F98F00DDE7F4 /* FeedCell.swift in Sources */ = {isa = PBXBuildFile; fileRef = 4A6739FD25E0F98F00DDE7F4 /* FeedCell.swift */; };
		4A673A0525E0FB7600DDE7F4 /* UIView+Extension.swift in Sources */ = {isa = PBXBuildFile; fileRef = 4A673A0425E0FB7600DDE7F4 /* UIView+Extension.swift */; };
		4AB194F0259F7D050039B53C /* AppDelegate.swift in Sources */ = {isa = PBXBuildFile; fileRef = 4AB194EF259F7D050039B53C /* AppDelegate.swift */; };
		4AB194F2259F7D050039B53C /* SceneDelegate.swift in Sources */ = {isa = PBXBuildFile; fileRef = 4AB194F1259F7D050039B53C /* SceneDelegate.swift */; };
		4AB194F4259F7D050039B53C /* ViewController.swift in Sources */ = {isa = PBXBuildFile; fileRef = 4AB194F3259F7D050039B53C /* ViewController.swift */; };
		4AB194F7259F7D050039B53C /* Main.storyboard in Resources */ = {isa = PBXBuildFile; fileRef = 4AB194F5259F7D050039B53C /* Main.storyboard */; };
		4AB194FC259F7D060039B53C /* LaunchScreen.storyboard in Resources */ = {isa = PBXBuildFile; fileRef = 4AB194FA259F7D060039B53C /* LaunchScreen.storyboard */; };
		4AB19511259F80030039B53C /* README.md in Resources */ = {isa = PBXBuildFile; fileRef = 4AB1950F259F80030039B53C /* README.md */; };
		4AB19512259F80030039B53C /* .gitignore in Resources */ = {isa = PBXBuildFile; fileRef = 4AB19510259F80030039B53C /* .gitignore */; };
		4AB19515259F80EF0039B53C /* MainTabController.swift in Sources */ = {isa = PBXBuildFile; fileRef = 4AB19514259F80EF0039B53C /* MainTabController.swift */; };
		4AFD132125DD6299001B0873 /* FeedViewCoontroller.swift in Sources */ = {isa = PBXBuildFile; fileRef = 4AFD132025DD6299001B0873 /* FeedViewCoontroller.swift */; };
		4AFD132425DD62C7001B0873 /* SearchViewController.swift in Sources */ = {isa = PBXBuildFile; fileRef = 4AFD132325DD62C7001B0873 /* SearchViewController.swift */; };
		4AFD132725DD62DD001B0873 /* NotificationViewController.swift in Sources */ = {isa = PBXBuildFile; fileRef = 4AFD132625DD62DD001B0873 /* NotificationViewController.swift */; };
		4AFD132A25DD62F3001B0873 /* ProfileViewController.swift in Sources */ = {isa = PBXBuildFile; fileRef = 4AFD132925DD62F3001B0873 /* ProfileViewController.swift */; };
		4AFD132D25DD6316001B0873 /* ImgaeSelecterViewController.swift in Sources */ = {isa = PBXBuildFile; fileRef = 4AFD132C25DD6316001B0873 /* ImgaeSelecterViewController.swift */; };
		4AFD133C25DFF0EE001B0873 /* Assets.xcassets in Resources */ = {isa = PBXBuildFile; fileRef = 4AFD133B25DFF0EE001B0873 /* Assets.xcassets */; };
/* End PBXBuildFile section */

/* Begin PBXFileReference section */
		4A6739FD25E0F98F00DDE7F4 /* FeedCell.swift */ = {isa = PBXFileReference; lastKnownFileType = sourcecode.swift; path = FeedCell.swift; sourceTree = "<group>"; };
		4A673A0425E0FB7600DDE7F4 /* UIView+Extension.swift */ = {isa = PBXFileReference; lastKnownFileType = sourcecode.swift; path = "UIView+Extension.swift"; sourceTree = "<group>"; };
		4AB194EC259F7D050039B53C /* SnsSampleApp.app */ = {isa = PBXFileReference; explicitFileType = wrapper.application; includeInIndex = 0; path = SnsSampleApp.app; sourceTree = BUILT_PRODUCTS_DIR; };
		4AB194EF259F7D050039B53C /* AppDelegate.swift */ = {isa = PBXFileReference; lastKnownFileType = sourcecode.swift; path = AppDelegate.swift; sourceTree = "<group>"; };
		4AB194F1259F7D050039B53C /* SceneDelegate.swift */ = {isa = PBXFileReference; lastKnownFileType = sourcecode.swift; path = SceneDelegate.swift; sourceTree = "<group>"; };
		4AB194F3259F7D050039B53C /* ViewController.swift */ = {isa = PBXFileReference; lastKnownFileType = sourcecode.swift; path = ViewController.swift; sourceTree = "<group>"; };
		4AB194F6259F7D050039B53C /* Base */ = {isa = PBXFileReference; lastKnownFileType = file.storyboard; name = Base; path = Base.lproj/Main.storyboard; sourceTree = "<group>"; };
		4AB194FB259F7D060039B53C /* Base */ = {isa = PBXFileReference; lastKnownFileType = file.storyboard; name = Base; path = Base.lproj/LaunchScreen.storyboard; sourceTree = "<group>"; };
		4AB194FD259F7D060039B53C /* Info.plist */ = {isa = PBXFileReference; lastKnownFileType = text.plist.xml; path = Info.plist; sourceTree = "<group>"; };
		4AB1950F259F80030039B53C /* README.md */ = {isa = PBXFileReference; fileEncoding = 4; lastKnownFileType = net.daringfireball.markdown; path = README.md; sourceTree = "<group>"; };
		4AB19510259F80030039B53C /* .gitignore */ = {isa = PBXFileReference; fileEncoding = 4; lastKnownFileType = text; path = .gitignore; sourceTree = "<group>"; };
		4AB19514259F80EF0039B53C /* MainTabController.swift */ = {isa = PBXFileReference; lastKnownFileType = sourcecode.swift; path = MainTabController.swift; sourceTree = "<group>"; };
		4AFD132025DD6299001B0873 /* FeedViewCoontroller.swift */ = {isa = PBXFileReference; lastKnownFileType = sourcecode.swift; path = FeedViewCoontroller.swift; sourceTree = "<group>"; };
		4AFD132325DD62C7001B0873 /* SearchViewController.swift */ = {isa = PBXFileReference; lastKnownFileType = sourcecode.swift; path = SearchViewController.swift; sourceTree = "<group>"; };
		4AFD132625DD62DD001B0873 /* NotificationViewController.swift */ = {isa = PBXFileReference; lastKnownFileType = sourcecode.swift; path = NotificationViewController.swift; sourceTree = "<group>"; };
		4AFD132925DD62F3001B0873 /* ProfileViewController.swift */ = {isa = PBXFileReference; lastKnownFileType = sourcecode.swift; path = ProfileViewController.swift; sourceTree = "<group>"; };
		4AFD132C25DD6316001B0873 /* ImgaeSelecterViewController.swift */ = {isa = PBXFileReference; lastKnownFileType = sourcecode.swift; path = ImgaeSelecterViewController.swift; sourceTree = "<group>"; };
		4AFD133B25DFF0EE001B0873 /* Assets.xcassets */ = {isa = PBXFileReference; lastKnownFileType = folder.assetcatalog; path = Assets.xcassets; sourceTree = "<group>"; };
/* End PBXFileReference section */

/* Begin PBXFrameworksBuildPhase section */
		4AB194E9259F7D050039B53C /* Frameworks */ = {
			isa = PBXFrameworksBuildPhase;
			buildActionMask = 2147483647;
			files = (
			);
			runOnlyForDeploymentPostprocessing = 0;
		};
/* End PBXFrameworksBuildPhase section */

/* Begin PBXGroup section */
		4AB194E3259F7D050039B53C = {
			isa = PBXGroup;
			children = (
				4AB19510259F80030039B53C /* .gitignore */,
				4AB1950F259F80030039B53C /* README.md */,
				4AB194EE259F7D050039B53C /* SnsSampleApp */,
				4AB194ED259F7D050039B53C /* Products */,
			);
			sourceTree = "<group>";
		};
		4AB194ED259F7D050039B53C /* Products */ = {
			isa = PBXGroup;
			children = (
				4AB194EC259F7D050039B53C /* SnsSampleApp.app */,
			);
			name = Products;
			sourceTree = "<group>";
		};
		4AB194EE259F7D050039B53C /* SnsSampleApp */ = {
			isa = PBXGroup;
			children = (
				4AB1950B259F7E090039B53C /* Model */,
				4AB1950A259F7DF30039B53C /* View */,
				4AB19507259F7DA50039B53C /* ViewModel */,
				4AB1950D259F7EE80039B53C /* Controller */,
				4AB19505259F7D7D0039B53C /* API */,
				4AB19504259F7D2D0039B53C /* Extension */,
				4AB194EF259F7D050039B53C /* AppDelegate.swift */,
				4AB194F1259F7D050039B53C /* SceneDelegate.swift */,
				4AB194F3259F7D050039B53C /* ViewController.swift */,
				4AFD133B25DFF0EE001B0873 /* Assets.xcassets */,
				4AB194F5259F7D050039B53C /* Main.storyboard */,
				4AB194FA259F7D060039B53C /* LaunchScreen.storyboard */,
				4AB194FD259F7D060039B53C /* Info.plist */,
			);
			path = SnsSampleApp;
			sourceTree = "<group>";
		};
		4AB19504259F7D2D0039B53C /* Extension */ = {
			isa = PBXGroup;
			children = (
				4A673A0425E0FB7600DDE7F4 /* UIView+Extension.swift */,
			);
			path = Extension;
			sourceTree = "<group>";
		};
		4AB19505259F7D7D0039B53C /* API */ = {
			isa = PBXGroup;
			children = (
			);
			path = API;
			sourceTree = "<group>";
		};
		4AB19507259F7DA50039B53C /* ViewModel */ = {
			isa = PBXGroup;
			children = (
			);
			path = ViewModel;
			sourceTree = "<group>";
		};
		4AB1950A259F7DF30039B53C /* View */ = {
			isa = PBXGroup;
			children = (
				4A6739FD25E0F98F00DDE7F4 /* FeedCell.swift */,
			);
			path = View;
			sourceTree = "<group>";
		};
		4AB1950B259F7E090039B53C /* Model */ = {
			isa = PBXGroup;
			children = (
			);
			path = Model;
			sourceTree = "<group>";
		};
		4AB1950D259F7EE80039B53C /* Controller */ = {
			isa = PBXGroup;
			children = (
				4AB19514259F80EF0039B53C /* MainTabController.swift */,
				4AFD132025DD6299001B0873 /* FeedViewCoontroller.swift */,
				4AFD132325DD62C7001B0873 /* SearchViewController.swift */,
				4AFD132C25DD6316001B0873 /* ImgaeSelecterViewController.swift */,
				4AFD132625DD62DD001B0873 /* NotificationViewController.swift */,
				4AFD132925DD62F3001B0873 /* ProfileViewController.swift */,
			);
			path = Controller;
			sourceTree = "<group>";
		};
/* End PBXGroup section */

/* Begin PBXNativeTarget section */
		4AB194EB259F7D050039B53C /* SnsSampleApp */ = {
			isa = PBXNativeTarget;
			buildConfigurationList = 4AB19500259F7D060039B53C /* Build configuration list for PBXNativeTarget "SnsSampleApp" */;
			buildPhases = (
				4AB194E8259F7D050039B53C /* Sources */,
				4AB194E9259F7D050039B53C /* Frameworks */,
				4AB194EA259F7D050039B53C /* Resources */,
			);
			buildRules = (
			);
			dependencies = (
			);
			name = SnsSampleApp;
			productName = SnsSampleApp;
			productReference = 4AB194EC259F7D050039B53C /* SnsSampleApp.app */;
			productType = "com.apple.product-type.application";
		};
/* End PBXNativeTarget section */

/* Begin PBXProject section */
		4AB194E4259F7D050039B53C /* Project object */ = {
			isa = PBXProject;
			attributes = {
				LastSwiftUpdateCheck = 1230;
				LastUpgradeCheck = 1230;
				TargetAttributes = {
					4AB194EB259F7D050039B53C = {
						CreatedOnToolsVersion = 12.3;
					};
				};
			};
			buildConfigurationList = 4AB194E7259F7D050039B53C /* Build configuration list for PBXProject "SnsSampleApp" */;
			compatibilityVersion = "Xcode 9.3";
			developmentRegion = en;
			hasScannedForEncodings = 0;
			knownRegions = (
				en,
				Base,
			);
			mainGroup = 4AB194E3259F7D050039B53C;
			productRefGroup = 4AB194ED259F7D050039B53C /* Products */;
			projectDirPath = "";
			projectRoot = "";
			targets = (
				4AB194EB259F7D050039B53C /* SnsSampleApp */,
			);
		};
/* End PBXProject section */

/* Begin PBXResourcesBuildPhase section */
		4AB194EA259F7D050039B53C /* Resources */ = {
			isa = PBXResourcesBuildPhase;
			buildActionMask = 2147483647;
			files = (
				4AB19512259F80030039B53C /* .gitignore in Resources */,
				4AB194FC259F7D060039B53C /* LaunchScreen.storyboard in Resources */,
				4AB19511259F80030039B53C /* README.md in Resources */,
				4AB194F7259F7D050039B53C /* Main.storyboard in Resources */,
				4AFD133C25DFF0EE001B0873 /* Assets.xcassets in Resources */,
			);
			runOnlyForDeploymentPostprocessing = 0;
		};
/* End PBXResourcesBuildPhase section */

/* Begin PBXSourcesBuildPhase section */
		4AB194E8259F7D050039B53C /* Sources */ = {
			isa = PBXSourcesBuildPhase;
			buildActionMask = 2147483647;
			files = (
				4AB194F4259F7D050039B53C /* ViewController.swift in Sources */,
				4A6739FE25E0F98F00DDE7F4 /* FeedCell.swift in Sources */,
				4AFD132A25DD62F3001B0873 /* ProfileViewController.swift in Sources */,
				4AB194F0259F7D050039B53C /* AppDelegate.swift in Sources */,
				4AB19515259F80EF0039B53C /* MainTabController.swift in Sources */,
				4AFD132125DD6299001B0873 /* FeedViewCoontroller.swift in Sources */,
				4AB194F2259F7D050039B53C /* SceneDelegate.swift in Sources */,
				4AFD132425DD62C7001B0873 /* SearchViewController.swift in Sources */,
				4AFD132725DD62DD001B0873 /* NotificationViewController.swift in Sources */,
				4A673A0525E0FB7600DDE7F4 /* UIView+Extension.swift in Sources */,
				4AFD132D25DD6316001B0873 /* ImgaeSelecterViewController.swift in Sources */,
			);
			runOnlyForDeploymentPostprocessing = 0;
		};
/* End PBXSourcesBuildPhase section */

/* Begin PBXVariantGroup section */
		4AB194F5259F7D050039B53C /* Main.storyboard */ = {
			isa = PBXVariantGroup;
			children = (
				4AB194F6259F7D050039B53C /* Base */,
			);
			name = Main.storyboard;
			sourceTree = "<group>";
		};
		4AB194FA259F7D060039B53C /* LaunchScreen.storyboard */ = {
			isa = PBXVariantGroup;
			children = (
				4AB194FB259F7D060039B53C /* Base */,
			);
			name = LaunchScreen.storyboard;
			sourceTree = "<group>";
		};
/* End PBXVariantGroup section */

/* Begin XCBuildConfiguration section */
		4AB194FE259F7D060039B53C /* Debug */ = {
			isa = XCBuildConfiguration;
			buildSettings = {
				ALWAYS_SEARCH_USER_PATHS = NO;
				CLANG_ANALYZER_NONNULL = YES;
				CLANG_ANALYZER_NUMBER_OBJECT_CONVERSION = YES_AGGRESSIVE;
				CLANG_CXX_LANGUAGE_STANDARD = "gnu++14";
				CLANG_CXX_LIBRARY = "libc++";
				CLANG_ENABLE_MODULES = YES;
				CLANG_ENABLE_OBJC_ARC = YES;
				CLANG_ENABLE_OBJC_WEAK = YES;
				CLANG_WARN_BLOCK_CAPTURE_AUTORELEASING = YES;
				CLANG_WARN_BOOL_CONVERSION = YES;
				CLANG_WARN_COMMA = YES;
				CLANG_WARN_CONSTANT_CONVERSION = YES;
				CLANG_WARN_DEPRECATED_OBJC_IMPLEMENTATIONS = YES;
				CLANG_WARN_DIRECT_OBJC_ISA_USAGE = YES_ERROR;
				CLANG_WARN_DOCUMENTATION_COMMENTS = YES;
				CLANG_WARN_EMPTY_BODY = YES;
				CLANG_WARN_ENUM_CONVERSION = YES;
				CLANG_WARN_INFINITE_RECURSION = YES;
				CLANG_WARN_INT_CONVERSION = YES;
				CLANG_WARN_NON_LITERAL_NULL_CONVERSION = YES;
				CLANG_WARN_OBJC_IMPLICIT_RETAIN_SELF = YES;
				CLANG_WARN_OBJC_LITERAL_CONVERSION = YES;
				CLANG_WARN_OBJC_ROOT_CLASS = YES_ERROR;
				CLANG_WARN_QUOTED_INCLUDE_IN_FRAMEWORK_HEADER = YES;
				CLANG_WARN_RANGE_LOOP_ANALYSIS = YES;
				CLANG_WARN_STRICT_PROTOTYPES = YES;
				CLANG_WARN_SUSPICIOUS_MOVE = YES;
				CLANG_WARN_UNGUARDED_AVAILABILITY = YES_AGGRESSIVE;
				CLANG_WARN_UNREACHABLE_CODE = YES;
				CLANG_WARN__DUPLICATE_METHOD_MATCH = YES;
				COPY_PHASE_STRIP = NO;
				DEBUG_INFORMATION_FORMAT = dwarf;
				ENABLE_STRICT_OBJC_MSGSEND = YES;
				ENABLE_TESTABILITY = YES;
				GCC_C_LANGUAGE_STANDARD = gnu11;
				GCC_DYNAMIC_NO_PIC = NO;
				GCC_NO_COMMON_BLOCKS = YES;
				GCC_OPTIMIZATION_LEVEL = 0;
				GCC_PREPROCESSOR_DEFINITIONS = (
					"DEBUG=1",
					"$(inherited)",
				);
				GCC_WARN_64_TO_32_BIT_CONVERSION = YES;
				GCC_WARN_ABOUT_RETURN_TYPE = YES_ERROR;
				GCC_WARN_UNDECLARED_SELECTOR = YES;
				GCC_WARN_UNINITIALIZED_AUTOS = YES_AGGRESSIVE;
				GCC_WARN_UNUSED_FUNCTION = YES;
				GCC_WARN_UNUSED_VARIABLE = YES;
				IPHONEOS_DEPLOYMENT_TARGET = 14.3;
				MTL_ENABLE_DEBUG_INFO = INCLUDE_SOURCE;
				MTL_FAST_MATH = YES;
				ONLY_ACTIVE_ARCH = YES;
				SDKROOT = iphoneos;
				SWIFT_ACTIVE_COMPILATION_CONDITIONS = DEBUG;
				SWIFT_OPTIMIZATION_LEVEL = "-Onone";
			};
			name = Debug;
		};
		4AB194FF259F7D060039B53C /* Release */ = {
			isa = XCBuildConfiguration;
			buildSettings = {
				ALWAYS_SEARCH_USER_PATHS = NO;
				CLANG_ANALYZER_NONNULL = YES;
				CLANG_ANALYZER_NUMBER_OBJECT_CONVERSION = YES_AGGRESSIVE;
				CLANG_CXX_LANGUAGE_STANDARD = "gnu++14";
				CLANG_CXX_LIBRARY = "libc++";
				CLANG_ENABLE_MODULES = YES;
				CLANG_ENABLE_OBJC_ARC = YES;
				CLANG_ENABLE_OBJC_WEAK = YES;
				CLANG_WARN_BLOCK_CAPTURE_AUTORELEASING = YES;
				CLANG_WARN_BOOL_CONVERSION = YES;
				CLANG_WARN_COMMA = YES;
				CLANG_WARN_CONSTANT_CONVERSION = YES;
				CLANG_WARN_DEPRECATED_OBJC_IMPLEMENTATIONS = YES;
				CLANG_WARN_DIRECT_OBJC_ISA_USAGE = YES_ERROR;
				CLANG_WARN_DOCUMENTATION_COMMENTS = YES;
				CLANG_WARN_EMPTY_BODY = YES;
				CLANG_WARN_ENUM_CONVERSION = YES;
				CLANG_WARN_INFINITE_RECURSION = YES;
				CLANG_WARN_INT_CONVERSION = YES;
				CLANG_WARN_NON_LITERAL_NULL_CONVERSION = YES;
				CLANG_WARN_OBJC_IMPLICIT_RETAIN_SELF = YES;
				CLANG_WARN_OBJC_LITERAL_CONVERSION = YES;
				CLANG_WARN_OBJC_ROOT_CLASS = YES_ERROR;
				CLANG_WARN_QUOTED_INCLUDE_IN_FRAMEWORK_HEADER = YES;
				CLANG_WARN_RANGE_LOOP_ANALYSIS = YES;
				CLANG_WARN_STRICT_PROTOTYPES = YES;
				CLANG_WARN_SUSPICIOUS_MOVE = YES;
				CLANG_WARN_UNGUARDED_AVAILABILITY = YES_AGGRESSIVE;
				CLANG_WARN_UNREACHABLE_CODE = YES;
				CLANG_WARN__DUPLICATE_METHOD_MATCH = YES;
				COPY_PHASE_STRIP = NO;
				DEBUG_INFORMATION_FORMAT = "dwarf-with-dsym";
				ENABLE_NS_ASSERTIONS = NO;
				ENABLE_STRICT_OBJC_MSGSEND = YES;
				GCC_C_LANGUAGE_STANDARD = gnu11;
				GCC_NO_COMMON_BLOCKS = YES;
				GCC_WARN_64_TO_32_BIT_CONVERSION = YES;
				GCC_WARN_ABOUT_RETURN_TYPE = YES_ERROR;
				GCC_WARN_UNDECLARED_SELECTOR = YES;
				GCC_WARN_UNINITIALIZED_AUTOS = YES_AGGRESSIVE;
				GCC_WARN_UNUSED_FUNCTION = YES;
				GCC_WARN_UNUSED_VARIABLE = YES;
				IPHONEOS_DEPLOYMENT_TARGET = 14.3;
				MTL_ENABLE_DEBUG_INFO = NO;
				MTL_FAST_MATH = YES;
				SDKROOT = iphoneos;
				SWIFT_COMPILATION_MODE = wholemodule;
				SWIFT_OPTIMIZATION_LEVEL = "-O";
				VALIDATE_PRODUCT = YES;
			};
			name = Release;
		};
		4AB19501259F7D060039B53C /* Debug */ = {
			isa = XCBuildConfiguration;
			buildSettings = {
				ASSETCATALOG_COMPILER_APPICON_NAME = AppIcon;
				ASSETCATALOG_COMPILER_GLOBAL_ACCENT_COLOR_NAME = AccentColor;
				CODE_SIGN_STYLE = Automatic;
				DEVELOPMENT_TEAM = 8Y945SWSWU;
				INFOPLIST_FILE = SnsSampleApp/Info.plist;
				LD_RUNPATH_SEARCH_PATHS = (
					"$(inherited)",
					"@executable_path/Frameworks",
				);
				PRODUCT_BUNDLE_IDENTIFIER = com.tk0929.SnsSampleApp;
				PRODUCT_NAME = "$(TARGET_NAME)";
				SWIFT_VERSION = 5.0;
				TARGETED_DEVICE_FAMILY = "1,2";
			};
			name = Debug;
		};
		4AB19502259F7D060039B53C /* Release */ = {
			isa = XCBuildConfiguration;
			buildSettings = {
				ASSETCATALOG_COMPILER_APPICON_NAME = AppIcon;
				ASSETCATALOG_COMPILER_GLOBAL_ACCENT_COLOR_NAME = AccentColor;
				CODE_SIGN_STYLE = Automatic;
				DEVELOPMENT_TEAM = 8Y945SWSWU;
				INFOPLIST_FILE = SnsSampleApp/Info.plist;
				LD_RUNPATH_SEARCH_PATHS = (
					"$(inherited)",
					"@executable_path/Frameworks",
				);
				PRODUCT_BUNDLE_IDENTIFIER = com.tk0929.SnsSampleApp;
				PRODUCT_NAME = "$(TARGET_NAME)";
				SWIFT_VERSION = 5.0;
				TARGETED_DEVICE_FAMILY = "1,2";
			};
			name = Release;
		};
/* End XCBuildConfiguration section */

/* Begin XCConfigurationList section */
		4AB194E7259F7D050039B53C /* Build configuration list for PBXProject "SnsSampleApp" */ = {
			isa = XCConfigurationList;
			buildConfigurations = (
				4AB194FE259F7D060039B53C /* Debug */,
				4AB194FF259F7D060039B53C /* Release */,
			);
			defaultConfigurationIsVisible = 0;
			defaultConfigurationName = Release;
		};
		4AB19500259F7D060039B53C /* Build configuration list for PBXNativeTarget "SnsSampleApp" */ = {
			isa = XCConfigurationList;
			buildConfigurations = (
				4AB19501259F7D060039B53C /* Debug */,
				4AB19502259F7D060039B53C /* Release */,
			);
			defaultConfigurationIsVisible = 0;
			defaultConfigurationName = Release;
		};
/* End XCConfigurationList section */
	};
	rootObject = 4AB194E4259F7D050039B53C /* Project object */;
}
