// !$*UTF8*$!
{
	archiveVersion = 1;
	classes = {
	};
	objectVersion = 51;
	objects = {

/* Begin PBXBuildFile section */
		4A1D474325EBC2E500412586 /* UserStats.swift in Sources */ = {isa = PBXBuildFile; fileRef = 4A1D474225EBC2E400412586 /* UserStats.swift */; };
		4A44EAB025E290920083C2E8 /* ProfileCell.swift in Sources */ = {isa = PBXBuildFile; fileRef = 4A44EAAF25E290920083C2E8 /* ProfileCell.swift */; };
		4A44EAB425E290A50083C2E8 /* ProfileHeader.swift in Sources */ = {isa = PBXBuildFile; fileRef = 4A44EAB325E290A50083C2E8 /* ProfileHeader.swift */; };
		4A5550F525E4A29E003401BD /* UserService.swift in Sources */ = {isa = PBXBuildFile; fileRef = 4A5550F425E4A29E003401BD /* UserService.swift */; };
		4A5550FB25E4A41E003401BD /* Constants.swift in Sources */ = {isa = PBXBuildFile; fileRef = 4A5550FA25E4A41E003401BD /* Constants.swift */; };
		4A55510225E4AA25003401BD /* User.swift in Sources */ = {isa = PBXBuildFile; fileRef = 4A55510125E4AA25003401BD /* User.swift */; };
		4A55510525E4AFB5003401BD /* ProfileHeaderViewModel.swift in Sources */ = {isa = PBXBuildFile; fileRef = 4A55510425E4AFB5003401BD /* ProfileHeaderViewModel.swift */; };
		4A6739FE25E0F98F00DDE7F4 /* FeedCell.swift in Sources */ = {isa = PBXBuildFile; fileRef = 4A6739FD25E0F98F00DDE7F4 /* FeedCell.swift */; };
		4A673A0525E0FB7600DDE7F4 /* UIView+Extension.swift in Sources */ = {isa = PBXBuildFile; fileRef = 4A673A0425E0FB7600DDE7F4 /* UIView+Extension.swift */; };
		4A8692F025E5450E00E60602 /* UserCellViewModel.swift in Sources */ = {isa = PBXBuildFile; fileRef = 4A8692EF25E5450E00E60602 /* UserCellViewModel.swift */; };
		4A95ABCA25E14BD200C330D3 /* LoginViewController.swift in Sources */ = {isa = PBXBuildFile; fileRef = 4A95ABC925E14BD200C330D3 /* LoginViewController.swift */; };
		4A95ABCE25E14BE600C330D3 /* SignUpViewController.swift in Sources */ = {isa = PBXBuildFile; fileRef = 4A95ABCD25E14BE600C330D3 /* SignUpViewController.swift */; };
		4A95ABD125E165C200C330D3 /* CustumTextField.swift in Sources */ = {isa = PBXBuildFile; fileRef = 4A95ABD025E165C200C330D3 /* CustumTextField.swift */; };
		4AA24C8C25E24E060087175A /* ImageUploader.swift in Sources */ = {isa = PBXBuildFile; fileRef = 4AA24C8B25E24E060087175A /* ImageUploader.swift */; };
		4AA24C9025E24E1E0087175A /* AuthUser.swift in Sources */ = {isa = PBXBuildFile; fileRef = 4AA24C8F25E24E1E0087175A /* AuthUser.swift */; };
		4AB0D94325E1716200A1C7DF /* UIViewController+Extension.swift in Sources */ = {isa = PBXBuildFile; fileRef = 4AB0D94225E1716200A1C7DF /* UIViewController+Extension.swift */; };
		4AB0D94625E17ACA00A1C7DF /* UIButton+Extension.swift in Sources */ = {isa = PBXBuildFile; fileRef = 4AB0D94525E17ACA00A1C7DF /* UIButton+Extension.swift */; };
		4AB0D94C25E21AB600A1C7DF /* AuthenticationViewModel.swift in Sources */ = {isa = PBXBuildFile; fileRef = 4AB0D94B25E21AB600A1C7DF /* AuthenticationViewModel.swift */; };
		4AB194F0259F7D050039B53C /* AppDelegate.swift in Sources */ = {isa = PBXBuildFile; fileRef = 4AB194EF259F7D050039B53C /* AppDelegate.swift */; };
		4AB194F2259F7D050039B53C /* SceneDelegate.swift in Sources */ = {isa = PBXBuildFile; fileRef = 4AB194F1259F7D050039B53C /* SceneDelegate.swift */; };
		4AB194F4259F7D050039B53C /* ViewController.swift in Sources */ = {isa = PBXBuildFile; fileRef = 4AB194F3259F7D050039B53C /* ViewController.swift */; };
		4AB194F7259F7D050039B53C /* Main.storyboard in Resources */ = {isa = PBXBuildFile; fileRef = 4AB194F5259F7D050039B53C /* Main.storyboard */; };
		4AB194FC259F7D060039B53C /* LaunchScreen.storyboard in Resources */ = {isa = PBXBuildFile; fileRef = 4AB194FA259F7D060039B53C /* LaunchScreen.storyboard */; };
		4AB19511259F80030039B53C /* README.md in Resources */ = {isa = PBXBuildFile; fileRef = 4AB1950F259F80030039B53C /* README.md */; };
		4AB19512259F80030039B53C /* .gitignore in Resources */ = {isa = PBXBuildFile; fileRef = 4AB19510259F80030039B53C /* .gitignore */; };
		4AB19515259F80EF0039B53C /* MainTabController.swift in Sources */ = {isa = PBXBuildFile; fileRef = 4AB19514259F80EF0039B53C /* MainTabController.swift */; };
		4ACEDABB25E244460084A848 /* GoogleService-Info.plist in Resources */ = {isa = PBXBuildFile; fileRef = 4ACEDABA25E244460084A848 /* GoogleService-Info.plist */; };
		4AF4D87625E5266400998079 /* UserCell.swift in Sources */ = {isa = PBXBuildFile; fileRef = 4AF4D87525E5266400998079 /* UserCell.swift */; };
		4AFD132125DD6299001B0873 /* FeedViewCoontroller.swift in Sources */ = {isa = PBXBuildFile; fileRef = 4AFD132025DD6299001B0873 /* FeedViewCoontroller.swift */; };
		4AFD132425DD62C7001B0873 /* SearchViewController.swift in Sources */ = {isa = PBXBuildFile; fileRef = 4AFD132325DD62C7001B0873 /* SearchViewController.swift */; };
		4AFD132725DD62DD001B0873 /* NotificationViewController.swift in Sources */ = {isa = PBXBuildFile; fileRef = 4AFD132625DD62DD001B0873 /* NotificationViewController.swift */; };
		4AFD132A25DD62F3001B0873 /* ProfileViewController.swift in Sources */ = {isa = PBXBuildFile; fileRef = 4AFD132925DD62F3001B0873 /* ProfileViewController.swift */; };
		4AFD132D25DD6316001B0873 /* ImgaeSelecterViewController.swift in Sources */ = {isa = PBXBuildFile; fileRef = 4AFD132C25DD6316001B0873 /* ImgaeSelecterViewController.swift */; };
		4AFD133C25DFF0EE001B0873 /* Assets.xcassets in Resources */ = {isa = PBXBuildFile; fileRef = 4AFD133B25DFF0EE001B0873 /* Assets.xcassets */; };
		B61C860341311BC2ED21A001 /* Pods_SnsSampleApp.framework in Frameworks */ = {isa = PBXBuildFile; fileRef = F040F811E9D238C8C9DBE6F0 /* Pods_SnsSampleApp.framework */; };
/* End PBXBuildFile section */

/* Begin PBXFileReference section */
		4A1D474225EBC2E400412586 /* UserStats.swift */ = {isa = PBXFileReference; lastKnownFileType = sourcecode.swift; path = UserStats.swift; sourceTree = "<group>"; };
		4A44EAAF25E290920083C2E8 /* ProfileCell.swift */ = {isa = PBXFileReference; lastKnownFileType = sourcecode.swift; path = ProfileCell.swift; sourceTree = "<group>"; };
		4A44EAB325E290A50083C2E8 /* ProfileHeader.swift */ = {isa = PBXFileReference; lastKnownFileType = sourcecode.swift; path = ProfileHeader.swift; sourceTree = "<group>"; };
		4A5550F425E4A29E003401BD /* UserService.swift */ = {isa = PBXFileReference; lastKnownFileType = sourcecode.swift; path = UserService.swift; sourceTree = "<group>"; };
		4A5550FA25E4A41E003401BD /* Constants.swift */ = {isa = PBXFileReference; lastKnownFileType = sourcecode.swift; path = Constants.swift; sourceTree = "<group>"; };
		4A55510125E4AA25003401BD /* User.swift */ = {isa = PBXFileReference; lastKnownFileType = sourcecode.swift; path = User.swift; sourceTree = "<group>"; };
		4A55510425E4AFB5003401BD /* ProfileHeaderViewModel.swift */ = {isa = PBXFileReference; lastKnownFileType = sourcecode.swift; path = ProfileHeaderViewModel.swift; sourceTree = "<group>"; };
		4A6739FD25E0F98F00DDE7F4 /* FeedCell.swift */ = {isa = PBXFileReference; lastKnownFileType = sourcecode.swift; path = FeedCell.swift; sourceTree = "<group>"; };
		4A673A0425E0FB7600DDE7F4 /* UIView+Extension.swift */ = {isa = PBXFileReference; lastKnownFileType = sourcecode.swift; path = "UIView+Extension.swift"; sourceTree = "<group>"; };
		4A8692EF25E5450E00E60602 /* UserCellViewModel.swift */ = {isa = PBXFileReference; lastKnownFileType = sourcecode.swift; path = UserCellViewModel.swift; sourceTree = "<group>"; };
		4A95ABC925E14BD200C330D3 /* LoginViewController.swift */ = {isa = PBXFileReference; lastKnownFileType = sourcecode.swift; path = LoginViewController.swift; sourceTree = "<group>"; };
		4A95ABCD25E14BE600C330D3 /* SignUpViewController.swift */ = {isa = PBXFileReference; lastKnownFileType = sourcecode.swift; path = SignUpViewController.swift; sourceTree = "<group>"; };
		4A95ABD025E165C200C330D3 /* CustumTextField.swift */ = {isa = PBXFileReference; lastKnownFileType = sourcecode.swift; path = CustumTextField.swift; sourceTree = "<group>"; };
		4AA24C8B25E24E060087175A /* ImageUploader.swift */ = {isa = PBXFileReference; lastKnownFileType = sourcecode.swift; path = ImageUploader.swift; sourceTree = "<group>"; };
		4AA24C8F25E24E1E0087175A /* AuthUser.swift */ = {isa = PBXFileReference; lastKnownFileType = sourcecode.swift; path = AuthUser.swift; sourceTree = "<group>"; };
		4AB0D94225E1716200A1C7DF /* UIViewController+Extension.swift */ = {isa = PBXFileReference; lastKnownFileType = sourcecode.swift; path = "UIViewController+Extension.swift"; sourceTree = "<group>"; };
		4AB0D94525E17ACA00A1C7DF /* UIButton+Extension.swift */ = {isa = PBXFileReference; lastKnownFileType = sourcecode.swift; path = "UIButton+Extension.swift"; sourceTree = "<group>"; };
		4AB0D94B25E21AB600A1C7DF /* AuthenticationViewModel.swift */ = {isa = PBXFileReference; lastKnownFileType = sourcecode.swift; path = AuthenticationViewModel.swift; sourceTree = "<group>"; };
		4AB194EC259F7D050039B53C /* SnsSampleApp.app */ = {isa = PBXFileReference; explicitFileType = wrapper.application; includeInIndex = 0; path = SnsSampleApp.app; sourceTree = BUILT_PRODUCTS_DIR; };
		4AB194EF259F7D050039B53C /* AppDelegate.swift */ = {isa = PBXFileReference; lastKnownFileType = sourcecode.swift; path = AppDelegate.swift; sourceTree = "<group>"; };
		4AB194F1259F7D050039B53C /* SceneDelegate.swift */ = {isa = PBXFileReference; lastKnownFileType = sourcecode.swift; path = SceneDelegate.swift; sourceTree = "<group>"; };
		4AB194F3259F7D050039B53C /* ViewController.swift */ = {isa = PBXFileReference; lastKnownFileType = sourcecode.swift; path = ViewController.swift; sourceTree = "<group>"; };
		4AB194F6259F7D050039B53C /* Base */ = {isa = PBXFileReference; lastKnownFileType = file.storyboard; name = Base; path = Base.lproj/Main.storyboard; sourceTree = "<group>"; };
		4AB194FB259F7D060039B53C /* Base */ = {isa = PBXFileReference; lastKnownFileType = file.storyboard; name = Base; path = Base.lproj/LaunchScreen.storyboard; sourceTree = "<group>"; };
		4AB194FD259F7D060039B53C /* Info.plist */ = {isa = PBXFileReference; lastKnownFileType = text.plist.xml; path = Info.plist; sourceTree = "<group>"; };
		4AB1950F259F80030039B53C /* README.md */ = {isa = PBXFileReference; fileEncoding = 4; lastKnownFileType = net.daringfireball.markdown; path = README.md; sourceTree = "<group>"; };
		4AB19510259F80030039B53C /* .gitignore */ = {isa = PBXFileReference; fileEncoding = 4; lastKnownFileType = text; path = .gitignore; sourceTree = "<group>"; };
		4AB19514259F80EF0039B53C /* MainTabController.swift */ = {isa = PBXFileReference; lastKnownFileType = sourcecode.swift; path = MainTabController.swift; sourceTree = "<group>"; };
		4ACEDABA25E244460084A848 /* GoogleService-Info.plist */ = {isa = PBXFileReference; fileEncoding = 4; lastKnownFileType = text.plist.xml; path = "GoogleService-Info.plist"; sourceTree = "<group>"; };
		4AF4D87525E5266400998079 /* UserCell.swift */ = {isa = PBXFileReference; lastKnownFileType = sourcecode.swift; path = UserCell.swift; sourceTree = "<group>"; };
		4AFD132025DD6299001B0873 /* FeedViewCoontroller.swift */ = {isa = PBXFileReference; lastKnownFileType = sourcecode.swift; path = FeedViewCoontroller.swift; sourceTree = "<group>"; };
		4AFD132325DD62C7001B0873 /* SearchViewController.swift */ = {isa = PBXFileReference; lastKnownFileType = sourcecode.swift; path = SearchViewController.swift; sourceTree = "<group>"; };
		4AFD132625DD62DD001B0873 /* NotificationViewController.swift */ = {isa = PBXFileReference; lastKnownFileType = sourcecode.swift; path = NotificationViewController.swift; sourceTree = "<group>"; };
		4AFD132925DD62F3001B0873 /* ProfileViewController.swift */ = {isa = PBXFileReference; lastKnownFileType = sourcecode.swift; path = ProfileViewController.swift; sourceTree = "<group>"; };
		4AFD132C25DD6316001B0873 /* ImgaeSelecterViewController.swift */ = {isa = PBXFileReference; lastKnownFileType = sourcecode.swift; path = ImgaeSelecterViewController.swift; sourceTree = "<group>"; };
		4AFD133B25DFF0EE001B0873 /* Assets.xcassets */ = {isa = PBXFileReference; lastKnownFileType = folder.assetcatalog; path = Assets.xcassets; sourceTree = "<group>"; };
		931BFAB01F208F6CC87DDF29 /* Pods-SnsSampleApp.debug.xcconfig */ = {isa = PBXFileReference; includeInIndex = 1; lastKnownFileType = text.xcconfig; name = "Pods-SnsSampleApp.debug.xcconfig"; path = "Target Support Files/Pods-SnsSampleApp/Pods-SnsSampleApp.debug.xcconfig"; sourceTree = "<group>"; };
		B4F04634219F800076A31A2C /* Pods-SnsSampleApp.release.xcconfig */ = {isa = PBXFileReference; includeInIndex = 1; lastKnownFileType = text.xcconfig; name = "Pods-SnsSampleApp.release.xcconfig"; path = "Target Support Files/Pods-SnsSampleApp/Pods-SnsSampleApp.release.xcconfig"; sourceTree = "<group>"; };
		F040F811E9D238C8C9DBE6F0 /* Pods_SnsSampleApp.framework */ = {isa = PBXFileReference; explicitFileType = wrapper.framework; includeInIndex = 0; path = Pods_SnsSampleApp.framework; sourceTree = BUILT_PRODUCTS_DIR; };
/* End PBXFileReference section */

/* Begin PBXFrameworksBuildPhase section */
		4AB194E9259F7D050039B53C /* Frameworks */ = {
			isa = PBXFrameworksBuildPhase;
			buildActionMask = 2147483647;
			files = (
				B61C860341311BC2ED21A001 /* Pods_SnsSampleApp.framework in Frameworks */,
			);
			runOnlyForDeploymentPostprocessing = 0;
		};
/* End PBXFrameworksBuildPhase section */

/* Begin PBXGroup section */
		4A44EAAE25E290800083C2E8 /* Profile */ = {
			isa = PBXGroup;
			children = (
				4A44EAAF25E290920083C2E8 /* ProfileCell.swift */,
				4A44EAB325E290A50083C2E8 /* ProfileHeader.swift */,
				4AF4D87525E5266400998079 /* UserCell.swift */,
			);
			path = Profile;
			sourceTree = "<group>";
		};
		4A5550F825E4A361003401BD /* Utils */ = {
			isa = PBXGroup;
			children = (
				4AB19504259F7D2D0039B53C /* Extension */,
				4A5550FA25E4A41E003401BD /* Constants.swift */,
			);
			path = Utils;
			sourceTree = "<group>";
		};
		4A95ABC825E14BA700C330D3 /* Authentication */ = {
			isa = PBXGroup;
			children = (
				4A95ABC925E14BD200C330D3 /* LoginViewController.swift */,
				4A95ABCD25E14BE600C330D3 /* SignUpViewController.swift */,
			);
			path = Authentication;
			sourceTree = "<group>";
		};
		4AB194E3259F7D050039B53C = {
			isa = PBXGroup;
			children = (
				4AB19510259F80030039B53C /* .gitignore */,
				4AB1950F259F80030039B53C /* README.md */,
				4AB194EE259F7D050039B53C /* SnsSampleApp */,
				4AB194ED259F7D050039B53C /* Products */,
				A67347E977B6805DB908ED41 /* Pods */,
				E2AD97296310331782C1EFCE /* Frameworks */,
			);
			sourceTree = "<group>";
		};
		4AB194ED259F7D050039B53C /* Products */ = {
			isa = PBXGroup;
			children = (
				4AB194EC259F7D050039B53C /* SnsSampleApp.app */,
			);
			name = Products;
			sourceTree = "<group>";
		};
		4AB194EE259F7D050039B53C /* SnsSampleApp */ = {
			isa = PBXGroup;
			children = (
				4A5550F825E4A361003401BD /* Utils */,
				4AB19505259F7D7D0039B53C /* API */,
				4AB1950B259F7E090039B53C /* Model */,
				4AB1950A259F7DF30039B53C /* View */,
				4AB19507259F7DA50039B53C /* ViewModel */,
				4AB1950D259F7EE80039B53C /* Controller */,
				4AB194EF259F7D050039B53C /* AppDelegate.swift */,
				4AB194F1259F7D050039B53C /* SceneDelegate.swift */,
				4AB194F3259F7D050039B53C /* ViewController.swift */,
				4AFD133B25DFF0EE001B0873 /* Assets.xcassets */,
				4AB194F5259F7D050039B53C /* Main.storyboard */,
				4AB194FA259F7D060039B53C /* LaunchScreen.storyboard */,
				4ACEDABA25E244460084A848 /* GoogleService-Info.plist */,
				4AB194FD259F7D060039B53C /* Info.plist */,
			);
			path = SnsSampleApp;
			sourceTree = "<group>";
		};
		4AB19504259F7D2D0039B53C /* Extension */ = {
			isa = PBXGroup;
			children = (
				4A673A0425E0FB7600DDE7F4 /* UIView+Extension.swift */,
				4AB0D94225E1716200A1C7DF /* UIViewController+Extension.swift */,
				4AB0D94525E17ACA00A1C7DF /* UIButton+Extension.swift */,
			);
			path = Extension;
			sourceTree = "<group>";
		};
		4AB19505259F7D7D0039B53C /* API */ = {
			isa = PBXGroup;
			children = (
				4AA24C8B25E24E060087175A /* ImageUploader.swift */,
				4AA24C8F25E24E1E0087175A /* AuthUser.swift */,
				4A5550F425E4A29E003401BD /* UserService.swift */,
			);
			path = API;
			sourceTree = "<group>";
		};
		4AB19507259F7DA50039B53C /* ViewModel */ = {
			isa = PBXGroup;
			children = (
				4AB0D94B25E21AB600A1C7DF /* AuthenticationViewModel.swift */,
				4A8692EF25E5450E00E60602 /* UserCellViewModel.swift */,
				4A55510425E4AFB5003401BD /* ProfileHeaderViewModel.swift */,
			);
			path = ViewModel;
			sourceTree = "<group>";
		};
		4AB1950A259F7DF30039B53C /* View */ = {
			isa = PBXGroup;
			children = (
				4A44EAAE25E290800083C2E8 /* Profile */,
				4A6739FD25E0F98F00DDE7F4 /* FeedCell.swift */,
				4A95ABD025E165C200C330D3 /* CustumTextField.swift */,
			);
			path = View;
			sourceTree = "<group>";
		};
		4AB1950B259F7E090039B53C /* Model */ = {
			isa = PBXGroup;
			children = (
				4A55510125E4AA25003401BD /* User.swift */,
				4A1D474225EBC2E400412586 /* UserStats.swift */,
			);
			path = Model;
			sourceTree = "<group>";
		};
		4AB1950D259F7EE80039B53C /* Controller */ = {
			isa = PBXGroup;
			children = (
				4A95ABC825E14BA700C330D3 /* Authentication */,
				4AB19514259F80EF0039B53C /* MainTabController.swift */,
				4AFD132025DD6299001B0873 /* FeedViewCoontroller.swift */,
				4AFD132325DD62C7001B0873 /* SearchViewController.swift */,
				4AFD132C25DD6316001B0873 /* ImgaeSelecterViewController.swift */,
				4AFD132625DD62DD001B0873 /* NotificationViewController.swift */,
				4AFD132925DD62F3001B0873 /* ProfileViewController.swift */,
			);
			path = Controller;
			sourceTree = "<group>";
		};
		A67347E977B6805DB908ED41 /* Pods */ = {
			isa = PBXGroup;
			children = (
				931BFAB01F208F6CC87DDF29 /* Pods-SnsSampleApp.debug.xcconfig */,
				B4F04634219F800076A31A2C /* Pods-SnsSampleApp.release.xcconfig */,
			);
			path = Pods;
			sourceTree = "<group>";
		};
		E2AD97296310331782C1EFCE /* Frameworks */ = {
			isa = PBXGroup;
			children = (
				F040F811E9D238C8C9DBE6F0 /* Pods_SnsSampleApp.framework */,
			);
			name = Frameworks;
			sourceTree = "<group>";
		};
/* End PBXGroup section */

/* Begin PBXNativeTarget section */
		4AB194EB259F7D050039B53C /* SnsSampleApp */ = {
			isa = PBXNativeTarget;
			buildConfigurationList = 4AB19500259F7D060039B53C /* Build configuration list for PBXNativeTarget "SnsSampleApp" */;
			buildPhases = (
				885FA781CE4EB20A26DA2A9B /* [CP] Check Pods Manifest.lock */,
				4AB194E8259F7D050039B53C /* Sources */,
				4AB194E9259F7D050039B53C /* Frameworks */,
				4AB194EA259F7D050039B53C /* Resources */,
				A3DB8B3D00C28610C9CD6F50 /* [CP] Embed Pods Frameworks */,
			);
			buildRules = (
			);
			dependencies = (
			);
			name = SnsSampleApp;
			productName = SnsSampleApp;
			productReference = 4AB194EC259F7D050039B53C /* SnsSampleApp.app */;
			productType = "com.apple.product-type.application";
		};
/* End PBXNativeTarget section */

/* Begin PBXProject section */
		4AB194E4259F7D050039B53C /* Project object */ = {
			isa = PBXProject;
			attributes = {
				LastSwiftUpdateCheck = 1230;
				LastUpgradeCheck = 1230;
				TargetAttributes = {
					4AB194EB259F7D050039B53C = {
						CreatedOnToolsVersion = 12.3;
					};
				};
			};
			buildConfigurationList = 4AB194E7259F7D050039B53C /* Build configuration list for PBXProject "SnsSampleApp" */;
			compatibilityVersion = "Xcode 9.3";
			developmentRegion = en;
			hasScannedForEncodings = 0;
			knownRegions = (
				en,
				Base,
			);
			mainGroup = 4AB194E3259F7D050039B53C;
			productRefGroup = 4AB194ED259F7D050039B53C /* Products */;
			projectDirPath = "";
			projectRoot = "";
			targets = (
				4AB194EB259F7D050039B53C /* SnsSampleApp */,
			);
		};
/* End PBXProject section */

/* Begin PBXResourcesBuildPhase section */
		4AB194EA259F7D050039B53C /* Resources */ = {
			isa = PBXResourcesBuildPhase;
			buildActionMask = 2147483647;
			files = (
				4AB19512259F80030039B53C /* .gitignore in Resources */,
				4AB194FC259F7D060039B53C /* LaunchScreen.storyboard in Resources */,
				4AB19511259F80030039B53C /* README.md in Resources */,
				4AB194F7259F7D050039B53C /* Main.storyboard in Resources */,
				4AFD133C25DFF0EE001B0873 /* Assets.xcassets in Resources */,
				4ACEDABB25E244460084A848 /* GoogleService-Info.plist in Resources */,
			);
			runOnlyForDeploymentPostprocessing = 0;
		};
/* End PBXResourcesBuildPhase section */

/* Begin PBXShellScriptBuildPhase section */
		885FA781CE4EB20A26DA2A9B /* [CP] Check Pods Manifest.lock */ = {
			isa = PBXShellScriptBuildPhase;
			buildActionMask = 2147483647;
			files = (
			);
			inputFileListPaths = (
			);
			inputPaths = (
				"${PODS_PODFILE_DIR_PATH}/Podfile.lock",
				"${PODS_ROOT}/Manifest.lock",
			);
			name = "[CP] Check Pods Manifest.lock";
			outputFileListPaths = (
			);
			outputPaths = (
				"$(DERIVED_FILE_DIR)/Pods-SnsSampleApp-checkManifestLockResult.txt",
			);
			runOnlyForDeploymentPostprocessing = 0;
			shellPath = /bin/sh;
			shellScript = "diff \"${PODS_PODFILE_DIR_PATH}/Podfile.lock\" \"${PODS_ROOT}/Manifest.lock\" > /dev/null\nif [ $? != 0 ] ; then\n    # print error to STDERR\n    echo \"error: The sandbox is not in sync with the Podfile.lock. Run 'pod install' or update your CocoaPods installation.\" >&2\n    exit 1\nfi\n# This output is used by Xcode 'outputs' to avoid re-running this script phase.\necho \"SUCCESS\" > \"${SCRIPT_OUTPUT_FILE_0}\"\n";
			showEnvVarsInLog = 0;
		};
		A3DB8B3D00C28610C9CD6F50 /* [CP] Embed Pods Frameworks */ = {
			isa = PBXShellScriptBuildPhase;
			buildActionMask = 2147483647;
			files = (
			);
			inputFileListPaths = (
				"${PODS_ROOT}/Target Support Files/Pods-SnsSampleApp/Pods-SnsSampleApp-frameworks-${CONFIGURATION}-input-files.xcfilelist",
			);
			name = "[CP] Embed Pods Frameworks";
			outputFileListPaths = (
				"${PODS_ROOT}/Target Support Files/Pods-SnsSampleApp/Pods-SnsSampleApp-frameworks-${CONFIGURATION}-output-files.xcfilelist",
			);
			runOnlyForDeploymentPostprocessing = 0;
			shellPath = /bin/sh;
			shellScript = "\"${PODS_ROOT}/Target Support Files/Pods-SnsSampleApp/Pods-SnsSampleApp-frameworks.sh\"\n";
			showEnvVarsInLog = 0;
		};
/* End PBXShellScriptBuildPhase section */

/* Begin PBXSourcesBuildPhase section */
		4AB194E8259F7D050039B53C /* Sources */ = {
			isa = PBXSourcesBuildPhase;
			buildActionMask = 2147483647;
			files = (
				4A95ABCA25E14BD200C330D3 /* LoginViewController.swift in Sources */,
				4A5550FB25E4A41E003401BD /* Constants.swift in Sources */,
				4AA24C8C25E24E060087175A /* ImageUploader.swift in Sources */,
				4AB194F4259F7D050039B53C /* ViewController.swift in Sources */,
				4AB0D94C25E21AB600A1C7DF /* AuthenticationViewModel.swift in Sources */,
				4A6739FE25E0F98F00DDE7F4 /* FeedCell.swift in Sources */,
				4AB0D94325E1716200A1C7DF /* UIViewController+Extension.swift in Sources */,
				4A8692F025E5450E00E60602 /* UserCellViewModel.swift in Sources */,
				4AA24C9025E24E1E0087175A /* AuthUser.swift in Sources */,
				4AFD132A25DD62F3001B0873 /* ProfileViewController.swift in Sources */,
				4AB0D94625E17ACA00A1C7DF /* UIButton+Extension.swift in Sources */,
				4A55510525E4AFB5003401BD /* ProfileHeaderViewModel.swift in Sources */,
				4A1D474325EBC2E500412586 /* UserStats.swift in Sources */,
				4A5550F525E4A29E003401BD /* UserService.swift in Sources */,
				4A44EAB025E290920083C2E8 /* ProfileCell.swift in Sources */,
				4AB194F0259F7D050039B53C /* AppDelegate.swift in Sources */,
				4AF4D87625E5266400998079 /* UserCell.swift in Sources */,
				4AB19515259F80EF0039B53C /* MainTabController.swift in Sources */,
				4A95ABD125E165C200C330D3 /* CustumTextField.swift in Sources */,
				4AFD132125DD6299001B0873 /* FeedViewCoontroller.swift in Sources */,
				4A44EAB425E290A50083C2E8 /* ProfileHeader.swift in Sources */,
				4AB194F2259F7D050039B53C /* SceneDelegate.swift in Sources */,
				4AFD132425DD62C7001B0873 /* SearchViewController.swift in Sources */,
				4AFD132725DD62DD001B0873 /* NotificationViewController.swift in Sources */,
				4A55510225E4AA25003401BD /* User.swift in Sources */,
				4A673A0525E0FB7600DDE7F4 /* UIView+Extension.swift in Sources */,
				4A95ABCE25E14BE600C330D3 /* SignUpViewController.swift in Sources */,
				4AFD132D25DD6316001B0873 /* ImgaeSelecterViewController.swift in Sources */,
			);
			runOnlyForDeploymentPostprocessing = 0;
		};
/* End PBXSourcesBuildPhase section */

/* Begin PBXVariantGroup section */
		4AB194F5259F7D050039B53C /* Main.storyboard */ = {
			isa = PBXVariantGroup;
			children = (
				4AB194F6259F7D050039B53C /* Base */,
			);
			name = Main.storyboard;
			sourceTree = "<group>";
		};
		4AB194FA259F7D060039B53C /* LaunchScreen.storyboard */ = {
			isa = PBXVariantGroup;
			children = (
				4AB194FB259F7D060039B53C /* Base */,
			);
			name = LaunchScreen.storyboard;
			sourceTree = "<group>";
		};
/* End PBXVariantGroup section */

/* Begin XCBuildConfiguration section */
		4AB194FE259F7D060039B53C /* Debug */ = {
			isa = XCBuildConfiguration;
			buildSettings = {
				ALWAYS_SEARCH_USER_PATHS = NO;
				CLANG_ANALYZER_NONNULL = YES;
				CLANG_ANALYZER_NUMBER_OBJECT_CONVERSION = YES_AGGRESSIVE;
				CLANG_CXX_LANGUAGE_STANDARD = "gnu++14";
				CLANG_CXX_LIBRARY = "libc++";
				CLANG_ENABLE_MODULES = YES;
				CLANG_ENABLE_OBJC_ARC = YES;
				CLANG_ENABLE_OBJC_WEAK = YES;
				CLANG_WARN_BLOCK_CAPTURE_AUTORELEASING = YES;
				CLANG_WARN_BOOL_CONVERSION = YES;
				CLANG_WARN_COMMA = YES;
				CLANG_WARN_CONSTANT_CONVERSION = YES;
				CLANG_WARN_DEPRECATED_OBJC_IMPLEMENTATIONS = YES;
				CLANG_WARN_DIRECT_OBJC_ISA_USAGE = YES_ERROR;
				CLANG_WARN_DOCUMENTATION_COMMENTS = YES;
				CLANG_WARN_EMPTY_BODY = YES;
				CLANG_WARN_ENUM_CONVERSION = YES;
				CLANG_WARN_INFINITE_RECURSION = YES;
				CLANG_WARN_INT_CONVERSION = YES;
				CLANG_WARN_NON_LITERAL_NULL_CONVERSION = YES;
				CLANG_WARN_OBJC_IMPLICIT_RETAIN_SELF = YES;
				CLANG_WARN_OBJC_LITERAL_CONVERSION = YES;
				CLANG_WARN_OBJC_ROOT_CLASS = YES_ERROR;
				CLANG_WARN_QUOTED_INCLUDE_IN_FRAMEWORK_HEADER = YES;
				CLANG_WARN_RANGE_LOOP_ANALYSIS = YES;
				CLANG_WARN_STRICT_PROTOTYPES = YES;
				CLANG_WARN_SUSPICIOUS_MOVE = YES;
				CLANG_WARN_UNGUARDED_AVAILABILITY = YES_AGGRESSIVE;
				CLANG_WARN_UNREACHABLE_CODE = YES;
				CLANG_WARN__DUPLICATE_METHOD_MATCH = YES;
				COPY_PHASE_STRIP = NO;
				DEBUG_INFORMATION_FORMAT = dwarf;
				ENABLE_STRICT_OBJC_MSGSEND = YES;
				ENABLE_TESTABILITY = YES;
				GCC_C_LANGUAGE_STANDARD = gnu11;
				GCC_DYNAMIC_NO_PIC = NO;
				GCC_NO_COMMON_BLOCKS = YES;
				GCC_OPTIMIZATION_LEVEL = 0;
				GCC_PREPROCESSOR_DEFINITIONS = (
					"DEBUG=1",
					"$(inherited)",
				);
				GCC_WARN_64_TO_32_BIT_CONVERSION = YES;
				GCC_WARN_ABOUT_RETURN_TYPE = YES_ERROR;
				GCC_WARN_UNDECLARED_SELECTOR = YES;
				GCC_WARN_UNINITIALIZED_AUTOS = YES_AGGRESSIVE;
				GCC_WARN_UNUSED_FUNCTION = YES;
				GCC_WARN_UNUSED_VARIABLE = YES;
				IPHONEOS_DEPLOYMENT_TARGET = 14.3;
				MTL_ENABLE_DEBUG_INFO = INCLUDE_SOURCE;
				MTL_FAST_MATH = YES;
				ONLY_ACTIVE_ARCH = YES;
				SDKROOT = iphoneos;
				SWIFT_ACTIVE_COMPILATION_CONDITIONS = DEBUG;
				SWIFT_OPTIMIZATION_LEVEL = "-Onone";
			};
			name = Debug;
		};
		4AB194FF259F7D060039B53C /* Release */ = {
			isa = XCBuildConfiguration;
			buildSettings = {
				ALWAYS_SEARCH_USER_PATHS = NO;
				CLANG_ANALYZER_NONNULL = YES;
				CLANG_ANALYZER_NUMBER_OBJECT_CONVERSION = YES_AGGRESSIVE;
				CLANG_CXX_LANGUAGE_STANDARD = "gnu++14";
				CLANG_CXX_LIBRARY = "libc++";
				CLANG_ENABLE_MODULES = YES;
				CLANG_ENABLE_OBJC_ARC = YES;
				CLANG_ENABLE_OBJC_WEAK = YES;
				CLANG_WARN_BLOCK_CAPTURE_AUTORELEASING = YES;
				CLANG_WARN_BOOL_CONVERSION = YES;
				CLANG_WARN_COMMA = YES;
				CLANG_WARN_CONSTANT_CONVERSION = YES;
				CLANG_WARN_DEPRECATED_OBJC_IMPLEMENTATIONS = YES;
				CLANG_WARN_DIRECT_OBJC_ISA_USAGE = YES_ERROR;
				CLANG_WARN_DOCUMENTATION_COMMENTS = YES;
				CLANG_WARN_EMPTY_BODY = YES;
				CLANG_WARN_ENUM_CONVERSION = YES;
				CLANG_WARN_INFINITE_RECURSION = YES;
				CLANG_WARN_INT_CONVERSION = YES;
				CLANG_WARN_NON_LITERAL_NULL_CONVERSION = YES;
				CLANG_WARN_OBJC_IMPLICIT_RETAIN_SELF = YES;
				CLANG_WARN_OBJC_LITERAL_CONVERSION = YES;
				CLANG_WARN_OBJC_ROOT_CLASS = YES_ERROR;
				CLANG_WARN_QUOTED_INCLUDE_IN_FRAMEWORK_HEADER = YES;
				CLANG_WARN_RANGE_LOOP_ANALYSIS = YES;
				CLANG_WARN_STRICT_PROTOTYPES = YES;
				CLANG_WARN_SUSPICIOUS_MOVE = YES;
				CLANG_WARN_UNGUARDED_AVAILABILITY = YES_AGGRESSIVE;
				CLANG_WARN_UNREACHABLE_CODE = YES;
				CLANG_WARN__DUPLICATE_METHOD_MATCH = YES;
				COPY_PHASE_STRIP = NO;
				DEBUG_INFORMATION_FORMAT = "dwarf-with-dsym";
				ENABLE_NS_ASSERTIONS = NO;
				ENABLE_STRICT_OBJC_MSGSEND = YES;
				GCC_C_LANGUAGE_STANDARD = gnu11;
				GCC_NO_COMMON_BLOCKS = YES;
				GCC_WARN_64_TO_32_BIT_CONVERSION = YES;
				GCC_WARN_ABOUT_RETURN_TYPE = YES_ERROR;
				GCC_WARN_UNDECLARED_SELECTOR = YES;
				GCC_WARN_UNINITIALIZED_AUTOS = YES_AGGRESSIVE;
				GCC_WARN_UNUSED_FUNCTION = YES;
				GCC_WARN_UNUSED_VARIABLE = YES;
				IPHONEOS_DEPLOYMENT_TARGET = 14.3;
				MTL_ENABLE_DEBUG_INFO = NO;
				MTL_FAST_MATH = YES;
				SDKROOT = iphoneos;
				SWIFT_COMPILATION_MODE = wholemodule;
				SWIFT_OPTIMIZATION_LEVEL = "-O";
				VALIDATE_PRODUCT = YES;
			};
			name = Release;
		};
		4AB19501259F7D060039B53C /* Debug */ = {
			isa = XCBuildConfiguration;
			baseConfigurationReference = 931BFAB01F208F6CC87DDF29 /* Pods-SnsSampleApp.debug.xcconfig */;
			buildSettings = {
				ASSETCATALOG_COMPILER_APPICON_NAME = AppIcon;
				ASSETCATALOG_COMPILER_GLOBAL_ACCENT_COLOR_NAME = AccentColor;
				CODE_SIGN_STYLE = Automatic;
				DEVELOPMENT_TEAM = 8Y945SWSWU;
				INFOPLIST_FILE = SnsSampleApp/Info.plist;
				LD_RUNPATH_SEARCH_PATHS = (
					"$(inherited)",
					"@executable_path/Frameworks",
				);
				PRODUCT_BUNDLE_IDENTIFIER = com.tk0929.SnsSampleApp;
				PRODUCT_NAME = "$(TARGET_NAME)";
				SWIFT_VERSION = 5.0;
				TARGETED_DEVICE_FAMILY = "1,2";
			};
			name = Debug;
		};
		4AB19502259F7D060039B53C /* Release */ = {
			isa = XCBuildConfiguration;
			baseConfigurationReference = B4F04634219F800076A31A2C /* Pods-SnsSampleApp.release.xcconfig */;
			buildSettings = {
				ASSETCATALOG_COMPILER_APPICON_NAME = AppIcon;
				ASSETCATALOG_COMPILER_GLOBAL_ACCENT_COLOR_NAME = AccentColor;
				CODE_SIGN_STYLE = Automatic;
				DEVELOPMENT_TEAM = 8Y945SWSWU;
				INFOPLIST_FILE = SnsSampleApp/Info.plist;
				LD_RUNPATH_SEARCH_PATHS = (
					"$(inherited)",
					"@executable_path/Frameworks",
				);
				PRODUCT_BUNDLE_IDENTIFIER = com.tk0929.SnsSampleApp;
				PRODUCT_NAME = "$(TARGET_NAME)";
				SWIFT_VERSION = 5.0;
				TARGETED_DEVICE_FAMILY = "1,2";
			};
			name = Release;
		};
/* End XCBuildConfiguration section */

/* Begin XCConfigurationList section */
		4AB194E7259F7D050039B53C /* Build configuration list for PBXProject "SnsSampleApp" */ = {
			isa = XCConfigurationList;
			buildConfigurations = (
				4AB194FE259F7D060039B53C /* Debug */,
				4AB194FF259F7D060039B53C /* Release */,
			);
			defaultConfigurationIsVisible = 0;
			defaultConfigurationName = Release;
		};
		4AB19500259F7D060039B53C /* Build configuration list for PBXNativeTarget "SnsSampleApp" */ = {
			isa = XCConfigurationList;
			buildConfigurations = (
				4AB19501259F7D060039B53C /* Debug */,
				4AB19502259F7D060039B53C /* Release */,
			);
			defaultConfigurationIsVisible = 0;
			defaultConfigurationName = Release;
		};
/* End XCConfigurationList section */
	};
	rootObject = 4AB194E4259F7D050039B53C /* Project object */;
}
